
Microsoft Visual Studio Solution File, Format Version 12.00
# Visual Studio 15
VisualStudioVersion = 15.0.27703.2026
MinimumVisualStudioVersion = 10.0.40219.1
Project("{FAE04EC0-301F-11D3-BF4B-00C04F79EFBC}") = "Checkers", "Checkers\Checkers.csproj", "{58F36203-834E-4010-BC9D-CB8B2D31C1AB}"
EndProject
Global
	GlobalSection(SolutionConfigurationPlatforms) = preSolution
		Debug|Any CPU = Debug|Any CPU
		Release|Any CPU = Release|Any CPU
	EndGlobalSection
	GlobalSection(ProjectConfigurationPlatforms) = postSolution
		{58F36203-834E-4010-BC9D-CB8B2D31C1AB}.Debug|Any CPU.ActiveCfg = Debug|Any CPU
		{58F36203-834E-4010-BC9D-CB8B2D31C1AB}.Debug|Any CPU.Build.0 = Debug|Any CPU
		{58F36203-834E-4010-BC9D-CB8B2D31C1AB}.Release|Any CPU.ActiveCfg = Release|Any CPU
		{58F36203-834E-4010-BC9D-CB8B2D31C1AB}.Release|Any CPU.Build.0 = Release|Any CPU
	EndGlobalSection
	GlobalSection(SolutionProperties) = preSolution
		HideSolutionNode = FALSE
	EndGlobalSection
	GlobalSection(ExtensibilityGlobals) = postSolution
		SolutionGuid = {D2ACF696-C6A8-4D60-ADD2-AA1864811F9F}
	EndGlobalSection
EndGlobal
